
Microsoft Visual Studio Solution File, Format Version 12.00
# Visual Studio 15
VisualStudioVersion = 15.0.28307.779
MinimumVisualStudioVersion = 10.0.40219.1
Project("{FAE04EC0-301F-11D3-BF4B-00C04F79EFBC}") = "gpxAddTime", "gpxAddTime\gpxAddTime.csproj", "{B1A138ED-6D77-4A35-BD3D-11742FB64E22}"
EndProject
Global
	GlobalSection(SolutionConfigurationPlatforms) = preSolution
		Debug|Any CPU = Debug|Any CPU
		Release|Any CPU = Release|Any CPU
	EndGlobalSection
	GlobalSection(ProjectConfigurationPlatforms) = postSolution
		{B1A138ED-6D77-4A35-BD3D-11742FB64E22}.Debug|Any CPU.ActiveCfg = Debug|Any CPU
		{B1A138ED-6D77-4A35-BD3D-11742FB64E22}.Debug|Any CPU.Build.0 = Debug|Any CPU
		{B1A138ED-6D77-4A35-BD3D-11742FB64E22}.Release|Any CPU.ActiveCfg = Release|Any CPU
		{B1A138ED-6D77-4A35-BD3D-11742FB64E22}.Release|Any CPU.Build.0 = Release|Any CPU
	EndGlobalSection
	GlobalSection(SolutionProperties) = preSolution
		HideSolutionNode = FALSE
	EndGlobalSection
	GlobalSection(ExtensibilityGlobals) = postSolution
		SolutionGuid = {0FBFFF64-C8F4-4A75-B804-848A79BD3DFF}
	EndGlobalSection
EndGlobal
